# Code generated by scarb DO NOT EDIT.
version = 1

[[package]]
name = "dojo"
version = "0.3.10"
source = "git+https://github.com/dojoengine/dojo#62980bbb36851e13a30e2f502e0fb6064df888ce"
dependencies = [
 "dojo_plugin",
]

[[package]]
name = "dojo_arena"
version = "0.3.10"
dependencies = [
 "dojo",
]

[[package]]
name = "dojo_plugin"
version = "0.3.10"
